
Microsoft Visual Studio Solution File, Format Version 12.00
# Visual Studio Version 17
VisualStudioVersion = 17.6.33723.286
MinimumVisualStudioVersion = 10.0.40219.1
Project("{FAE04EC0-301F-11D3-BF4B-00C04F79EFBC}") = "Dort_Islem", "Label_a_Yazdirma\Dort_Islem.csproj", "{78CE3D87-08C8-424F-A378-C10A4D24A425}"
EndProject
Global
	GlobalSection(SolutionConfigurationPlatforms) = preSolution
		Debug|Any CPU = Debug|Any CPU
		Release|Any CPU = Release|Any CPU
	EndGlobalSection
	GlobalSection(ProjectConfigurationPlatforms) = postSolution
		{78CE3D87-08C8-424F-A378-C10A4D24A425}.Debug|Any CPU.ActiveCfg = Debug|Any CPU
		{78CE3D87-08C8-424F-A378-C10A4D24A425}.Debug|Any CPU.Build.0 = Debug|Any CPU
		{78CE3D87-08C8-424F-A378-C10A4D24A425}.Release|Any CPU.ActiveCfg = Release|Any CPU
		{78CE3D87-08C8-424F-A378-C10A4D24A425}.Release|Any CPU.Build.0 = Release|Any CPU
	EndGlobalSection
	GlobalSection(SolutionProperties) = preSolution
		HideSolutionNode = FALSE
	EndGlobalSection
	GlobalSection(ExtensibilityGlobals) = postSolution
		SolutionGuid = {DA9833F0-2641-46E8-8431-D364DA182542}
	EndGlobalSection
EndGlobal
